<?xml version="1.0" encoding="utf-8"?>
<Project ToolsVersion="4.0" xmlns="http://schemas.microsoft.com/developer/msbuild/2003">
  <ItemGroup>
    <Filter Include="win32">
      <UniqueIdentifier>{84a8ebd7-7cf0-47f6-b75e-d441df67da40}</UniqueIdentifier>
    </Filter>
    <Filter Include="resource">
      <UniqueIdentifier>{715254bc-d70b-4ec5-bf29-467dd3ace079}</UniqueIdentifier>
    </Filter>
    <Filter Include="src">
      <UniqueIdentifier>{bb6c862e-70e9-49d9-81b7-3829a6f50471}</UniqueIdentifier>
    </Filter>
    <Filter Include="src\Adapter">
      <UniqueIdentifier>{e4a37bf2-c6a4-4a7d-afdb-b3e84371a811}</UniqueIdentifier>
    </Filter>
    <Filter Include="src\Scene">
      <UniqueIdentifier>{43e7e070-118c-4df2-b968-e552c51eea25}</UniqueIdentifier>
    </Filter>
    <Filter Include="src\Rule">
      <UniqueIdentifier>{6c47ad5f-fc27-4943-b4d1-b3e185ebaa86}</UniqueIdentifier>
    </Filter>
    <Filter Include="src\Role">
      <UniqueIdentifier>{440413e7-b93d-43dd-9a0e-d7da61423bb0}</UniqueIdentifier>
    </Filter>
    <Filter Include="src\Expand">
      <UniqueIdentifier>{ba8fe770-2cdc-4c22-a897-f3ac5c0b7c0f}</UniqueIdentifier>
    </Filter>
    <Filter Include="src\Expand\Pop">
      <UniqueIdentifier>{d1889e1c-c85a-41e2-b094-8f9ba08b3cf0}</UniqueIdentifier>
    </Filter>
    <Filter Include="src\Expand\SpriteButtom">
      <UniqueIdentifier>{381885ff-46b3-4e20-a09f-b6a995d45354}</UniqueIdentifier>
    </Filter>
    <Filter Include="src\AppConfig">
      <UniqueIdentifier>{e943747f-ce6a-400c-ab20-fccd20467397}</UniqueIdentifier>
    </Filter>
  </ItemGroup>
  <ItemGroup>
    <ClCompile Include="main.cpp">
      <Filter>win32</Filter>
    </ClCompile>
    <ClCompile Include="..\Classes\AppDelegate.cpp">
      <Filter>src</Filter>
    </ClCompile>
    <ClCompile Include="..\Classes\Adapter\CCHeroAdapterOfPhysics.cpp">
      <Filter>src\Adapter</Filter>
    </ClCompile>
    <ClCompile Include="..\Classes\Adapter\CCRoleAdapter.cpp">
      <Filter>src\Adapter</Filter>
    </ClCompile>
    <ClCompile Include="..\Classes\Adapter\CCSupportAdapterOfPhysics.cpp">
      <Filter>src\Adapter</Filter>
    </ClCompile>
    <ClCompile Include="..\Classes\Role\CCRole.cpp">
      <Filter>src\Role</Filter>
    </ClCompile>
    <ClCompile Include="..\Classes\Role\CCRoleFactory.cpp">
      <Filter>src\Role</Filter>
    </ClCompile>
    <ClCompile Include="..\Classes\Rule\CCNormalRule.cpp">
      <Filter>src\Rule</Filter>
    </ClCompile>
    <ClCompile Include="..\Classes\Scene\CCGameScene.cpp">
      <Filter>src\Scene</Filter>
    </ClCompile>
    <ClCompile Include="..\Classes\Scene\CCLoaderScene.cpp">
      <Filter>src\Scene</Filter>
    </ClCompile>
    <ClCompile Include="..\Classes\Scene\HelloWorldScene.cpp">
      <Filter>src\Scene</Filter>
    </ClCompile>
    <ClCompile Include="..\Classes\Scene\CCSelectLevelScene.cpp">
      <Filter>src\Scene</Filter>
    </ClCompile>
    <ClCompile Include="..\Classes\Expand\Pop\CCPopupLayer.cpp">
      <Filter>src\Expand\Pop</Filter>
    </ClCompile>
    <ClCompile Include="..\Classes\Expand\SpriteButtom\CCSpriteButtom.cpp">
      <Filter>src\Expand\SpriteButtom</Filter>
    </ClCompile>
    <ClCompile Include="..\Classes\Expand\SpriteButtom\CCSpriteButtomEvent.cpp">
      <Filter>src\Expand\SpriteButtom</Filter>
    </ClCompile>
    <ClCompile Include="..\Classes\PlayerConfig\CCAppConfig.cpp">
      <Filter>src\AppConfig</Filter>
    </ClCompile>
    <ClCompile Include="..\Classes\Adapter\CConfigFileAdapter.cpp">
      <Filter>src\Adapter</Filter>
    </ClCompile>
    <ClCompile Include="..\Classes\Scene\CCStoreScene.cpp">
      <Filter>src\Scene</Filter>
    </ClCompile>
  </ItemGroup>
  <ItemGroup>
    <ClInclude Include="main.h">
      <Filter>win32</Filter>
    </ClInclude>
    <ClInclude Include="..\Classes\AppDelegate.h">
      <Filter>src</Filter>
    </ClInclude>
    <ClInclude Include="..\Classes\Define.h">
      <Filter>src</Filter>
    </ClInclude>
    <ClInclude Include="..\Classes\Adapter\CCHeroAdapterOfPhysics.h">
      <Filter>src\Adapter</Filter>
    </ClInclude>
    <ClInclude Include="..\Classes\Adapter\CCRoleAdapter.h">
      <Filter>src\Adapter</Filter>
    </ClInclude>
    <ClInclude Include="..\Classes\Adapter\CCSupportAdapterOfPhysics.h">
      <Filter>src\Adapter</Filter>
    </ClInclude>
    <ClInclude Include="..\Classes\Adapter\CCGameUIAdapter.h">
      <Filter>src\Adapter</Filter>
    </ClInclude>
    <ClInclude Include="..\Classes\Role\CCRole.h">
      <Filter>src\Role</Filter>
    </ClInclude>
    <ClInclude Include="..\Classes\Role\CCRoleFactory.h">
      <Filter>src\Role</Filter>
    </ClInclude>
    <ClInclude Include="..\Classes\Rule\CCNormalRule.h">
      <Filter>src\Rule</Filter>
    </ClInclude>
    <ClInclude Include="..\Classes\Rule\CCRule.h">
      <Filter>src\Rule</Filter>
    </ClInclude>
    <ClInclude Include="..\Classes\Scene\CCGameScene.h">
      <Filter>src\Scene</Filter>
    </ClInclude>
    <ClInclude Include="..\Classes\Scene\CCLoaderScene.h">
      <Filter>src\Scene</Filter>
    </ClInclude>
    <ClInclude Include="..\Classes\Scene\HelloWorldScene.h">
      <Filter>src\Scene</Filter>
    </ClInclude>
    <ClInclude Include="..\Classes\Scene\CCSelectLevelScene.h">
      <Filter>src\Scene</Filter>
    </ClInclude>
    <ClInclude Include="..\Classes\Expand\Pop\CCPopupLayer.h">
      <Filter>src\Expand\Pop</Filter>
    </ClInclude>
    <ClInclude Include="..\Classes\Expand\SpriteButtom\CCSpriteButtom.h">
      <Filter>src\Expand\SpriteButtom</Filter>
    </ClInclude>
    <ClInclude Include="..\Classes\Expand\SpriteButtom\CCSpriteButtomEvent.h">
      <Filter>src\Expand\SpriteButtom</Filter>
    </ClInclude>
    <ClInclude Include="..\Classes\PlayerConfig\CCAppConfig.h">
      <Filter>src\AppConfig</Filter>
    </ClInclude>
    <ClInclude Include="..\Classes\Adapter\CCConfigReadAndWriteAdapter.h">
      <Filter>src\Adapter</Filter>
    </ClInclude>
    <ClInclude Include="..\Classes\Adapter\CConfigFileAdapter.h">
      <Filter>src\Adapter</Filter>
    </ClInclude>
    <ClInclude Include="..\Classes\Scene\CCStoreScene.h">
      <Filter>src\Scene</Filter>
    </ClInclude>
  </ItemGroup>
  <ItemGroup>
    <ResourceCompile Include="game.rc">
      <Filter>resource</Filter>
    </ResourceCompile>
  </ItemGroup>
</Project>