<?xml version="1.0" encoding="utf-8"?>
<Project ToolsVersion="4.0" xmlns="http://schemas.microsoft.com/developer/msbuild/2003">
  <ItemGroup>
    <Filter Include="win32">
      <UniqueIdentifier>{84a8ebd7-7cf0-47f6-b75e-d441df67da40}</UniqueIdentifier>
    </Filter>
    <Filter Include="resource">
      <UniqueIdentifier>{715254bc-d70b-4ec5-bf29-467dd3ace079}</UniqueIdentifier>
    </Filter>
    <Filter Include="src">
      <UniqueIdentifier>{bb6c862e-70e9-49d9-81b7-3829a6f50471}</UniqueIdentifier>
    </Filter>
    <Filter Include="src\Adapter">
      <UniqueIdentifier>{e4a37bf2-c6a4-4a7d-afdb-b3e84371a811}</UniqueIdentifier>
    </Filter>
    <Filter Include="src\Scene">
      <UniqueIdentifier>{43e7e070-118c-4df2-b968-e552c51eea25}</UniqueIdentifier>
    </Filter>
    <Filter Include="src\Rule">
      <UniqueIdentifier>{6c47ad5f-fc27-4943-b4d1-b3e185ebaa86}</UniqueIdentifier>
    </Filter>
    <Filter Include="src\Role">
      <UniqueIdentifier>{440413e7-b93d-43dd-9a0e-d7da61423bb0}</UniqueIdentifier>
    </Filter>
    <Filter Include="src\Pop">
      <UniqueIdentifier>{d1889e1c-c85a-41e2-b094-8f9ba08b3cf0}</UniqueIdentifier>
    </Filter>
    <Filter Include="src\PlayerConfig">
      <UniqueIdentifier>{e943747f-ce6a-400c-ab20-fccd20467397}</UniqueIdentifier>
    </Filter>
  </ItemGroup>
  <ItemGroup>
    <ClCompile Include="main.cpp">
      <Filter>win32</Filter>
    </ClCompile>
    <ClCompile Include="..\Classes\AppDelegate.cpp">
      <Filter>src</Filter>
    </ClCompile>
    <ClCompile Include="..\Classes\HelloWorldScene.cpp">
      <Filter>src\Scene</Filter>
    </ClCompile>
    <ClCompile Include="..\Classes\CCNormalRule.cpp">
      <Filter>src\Rule</Filter>
    </ClCompile>
    <ClCompile Include="..\Classes\CCRole.cpp">
      <Filter>src\Role</Filter>
    </ClCompile>
    <ClCompile Include="..\Classes\CCRoleFactory.cpp">
      <Filter>src\Role</Filter>
    </ClCompile>
    <ClCompile Include="..\Classes\CCRoleAdapter.cpp">
      <Filter>src\Adapter</Filter>
    </ClCompile>
    <ClCompile Include="..\Classes\CCHeroAdapterOfPhysics.cpp">
      <Filter>src\Adapter</Filter>
    </ClCompile>
    <ClCompile Include="..\Classes\CCSupportAdapterOfPhysics.cpp">
      <Filter>src\Adapter</Filter>
    </ClCompile>
    <ClCompile Include="..\Classes\CCGameScene.cpp">
      <Filter>src\Scene</Filter>
    </ClCompile>
    <ClCompile Include="..\Classes\CCPopupLayer.cpp">
      <Filter>src\Pop</Filter>
    </ClCompile>
    <ClCompile Include="..\Classes\CCLoaderScene.cpp">
      <Filter>src\Scene</Filter>
    </ClCompile>
  </ItemGroup>
  <ItemGroup>
    <ClInclude Include="main.h">
      <Filter>win32</Filter>
    </ClInclude>
    <ClInclude Include="..\Classes\AppDelegate.h">
      <Filter>src</Filter>
    </ClInclude>
    <ClInclude Include="..\Classes\Define.h">
      <Filter>src</Filter>
    </ClInclude>
    <ClInclude Include="..\Classes\CCRoleAdapter.h">
      <Filter>src\Adapter</Filter>
    </ClInclude>
    <ClInclude Include="..\Classes\HelloWorldScene.h">
      <Filter>src\Scene</Filter>
    </ClInclude>
    <ClInclude Include="..\Classes\CCNormalRule.h">
      <Filter>src\Rule</Filter>
    </ClInclude>
    <ClInclude Include="..\Classes\CCRule.h">
      <Filter>src\Rule</Filter>
    </ClInclude>
    <ClInclude Include="..\Classes\CCRole.h">
      <Filter>src\Role</Filter>
    </ClInclude>
    <ClInclude Include="..\Classes\CCRoleFactory.h">
      <Filter>src\Role</Filter>
    </ClInclude>
    <ClInclude Include="..\Classes\CCHeroAdapterOfPhysics.h">
      <Filter>src\Adapter</Filter>
    </ClInclude>
    <ClInclude Include="..\Classes\CCSupportAdapterOfPhysics.h">
      <Filter>src\Adapter</Filter>
    </ClInclude>
    <ClInclude Include="..\Classes\CCGameScene.h">
      <Filter>src\Scene</Filter>
    </ClInclude>
    <ClInclude Include="..\Classes\CCGameUIAdapter.h">
      <Filter>src\Adapter</Filter>
    </ClInclude>
    <ClInclude Include="..\Classes\CCPopupLayer.h">
      <Filter>src\Pop</Filter>
    </ClInclude>
    <ClInclude Include="..\Classes\CCLoaderScene.h">
      <Filter>src\Scene</Filter>
    </ClInclude>
  </ItemGroup>
  <ItemGroup>
    <ResourceCompile Include="game.rc">
      <Filter>resource</Filter>
    </ResourceCompile>
  </ItemGroup>
</Project>